{
  "name": "codex-client",
  "version": "0.0.0",
  "lockfileVersion": 2,
  "requires": true,
  "packages": {
    "": {
      "name": "codex-client",
      "version": "0.0.0",
      "devDependencies": {
        "vite": "^4.0.0"
      }
    },
    "node_modules/@esbuild/win32-x64": {
      "version": "0.16.10",
      "cpu": [
        "x64"
      ],
      "dev": true,
      "license": "MIT",
      "optional": true,
      "os": [
        "win32"
      ],
      "engines": {
        "node": ">=12"
      }
    },
    "node_modules/esbuild": {
      "version": "0.16.10",
      "dev": true,
      "hasInstallScript": true,
      "license": "MIT",
      "bin": {
        "esbuild": "bin/esbuild"
      },
      "engines": {
        "node": ">=12"
      },
      "optionalDependencies": {
        "@esbuild/android-arm": "0.16.10",
        "@esbuild/android-arm64": "0.16.10",
        "@esbuild/android-x64": "0.16.10",
        "@esbuild/darwin-arm64": "0.16.10",
        "@esbuild/darwin-x64": "0.16.10",
        "@esbuild/freebsd-arm64": "0.16.10",
        "@esbuild/freebsd-x64": "0.16.10",
        "@esbuild/linux-arm": "0.16.10",
        "@esbuild/linux-arm64": "0.16.10",
        "@esbuild/linux-ia32": "0.16.10",
        "@esbuild/linux-loong64": "0.16.10",
        "@esbuild/linux-mips64el": "0.16.10",
        "@esbuild/linux-ppc64": "0.16.10",
        "@esbuild/linux-riscv64": "0.16.10",
        "@esbuild/linux-s390x": "0.16.10",
        "@esbuild/linux-x64": "0.16.10",
        "@esbuild/netbsd-x64": "0.16.10",
        "@esbuild/openbsd-x64": "0.16.10",
        "@esbuild/sunos-x64": "0.16.10",
        "@esbuild/win32-arm64": "0.16.10",
        "@esbuild/win32-ia32": "0.16.10",
        "@esbuild/win32-x64": "0.16.10"
      }
    },
    "node_modules/function-bind": {
      "version": "1.1.1",
      "dev": true,
      "license": "MIT"
    },
    "node_modules/has": {
      "version": "1.0.3",
      "dev": true,
      "license": "MIT",
      "dependencies": {
        "function-bind": "^1.1.1"
      },
      "engines": {
        "node": ">= 0.4.0"
      }
    },
    "node_modules/is-core-module": {
      "version": "2.11.0",
      "dev": true,
      "license": "MIT",
      "dependencies": {
        "has": "^1.0.3"
      },
      "funding": {
        "url": "https://github.com/sponsors/ljharb"
      }
    },
    "node_modules/nanoid": {
      "version": "3.3.4",
      "dev": true,
      "license": "MIT",
      "bin": {
        "nanoid": "bin/nanoid.cjs"
      },
      "engines": {
        "node": "^10 || ^12 || ^13.7 || ^14 || >=15.0.1"
      }
    },
    "node_modules/path-parse": {
      "version": "1.0.7",
      "dev": true,
      "license": "MIT"
    },
    "node_modules/picocolors": {
      "version": "1.0.0",
      "dev": true,
      "license": "ISC"
    },
    "node_modules/postcss": {
      "version": "8.4.20",
      "dev": true,
      "funding": [
        {
          "type": "opencollective",
          "url": "https://opencollective.com/postcss/"
        },
        {
          "type": "tidelift",
          "url": "https://tidelift.com/funding/github/npm/postcss"
        }
      ],
      "license": "MIT",
      "dependencies": {
        "nanoid": "^3.3.4",
        "picocolors": "^1.0.0",
        "source-map-js": "^1.0.2"
      },
      "engines": {
        "node": "^10 || ^12 || >=14"
      }
    },
    "node_modules/resolve": {
      "version": "1.22.1",
      "dev": true,
      "license": "MIT",
      "dependencies": {
        "is-core-module": "^2.9.0",
        "path-parse": "^1.0.7",
        "supports-preserve-symlinks-flag": "^1.0.0"
      },
      "bin": {
        "resolve": "bin/resolve"
      },
      "funding": {
        "url": "https://github.com/sponsors/ljharb"
      }
    },
    "node_modules/rollup": {
      "version": "3.8.1",
      "dev": true,
      "license": "MIT",
      "bin": {
        "rollup": "dist/bin/rollup"
      },
      "engines": {
        "node": ">=14.18.0",
        "npm": ">=8.0.0"
      },
      "optionalDependencies": {
        "fsevents": "~2.3.2"
      }
    },
    "node_modules/source-map-js": {
      "version": "1.0.2",
      "dev": true,
      "license": "BSD-3-Clause",
      "engines": {
        "node": ">=0.10.0"
      }
    },
    "node_modules/supports-preserve-symlinks-flag": {
      "version": "1.0.0",
      "dev": true,
      "license": "MIT",
      "engines": {
        "node": ">= 0.4"
      },
      "funding": {
        "url": "https://github.com/sponsors/ljharb"
      }
    },
    "node_modules/vite": {
      "version": "4.0.3",
      "dev": true,
      "license": "MIT",
      "dependencies": {
        "esbuild": "^0.16.3",
        "postcss": "^8.4.20",
        "resolve": "^1.22.1",
        "rollup": "^3.7.0"
      },
      "bin": {
        "vite": "bin/vite.js"
      },
      "engines": {
        "node": "^14.18.0 || >=16.0.0"
      },
      "optionalDependencies": {
        "fsevents": "~2.3.2"
      },
      "peerDependencies": {
        "@types/node": ">= 14",
        "less": "*",
        "sass": "*",
        "stylus": "*",
        "sugarss": "*",
        "terser": "^5.4.0"
      },
      "peerDependenciesMeta": {
        "@types/node": {
          "optional": true
        },
        "less": {
          "optional": true
        },
        "sass": {
          "optional": true
        },
        "stylus": {
          "optional": true
        },
        "sugarss": {
          "optional": true
        },
        "terser": {
          "optional": true
        }
      }
    }
  },
  "dependencies": {
    "@esbuild/win32-x64": {
      "version": "0.16.10",
      "dev": true,
      "optional": true
    },
    "esbuild": {
      "version": "0.16.10",
      "dev": true,
      "requires": {
        "@esbuild/android-arm": "0.16.10",
        "@esbuild/android-arm64": "0.16.10",
        "@esbuild/android-x64": "0.16.10",
        "@esbuild/darwin-arm64": "0.16.10",
        "@esbuild/darwin-x64": "0.16.10",
        "@esbuild/freebsd-arm64": "0.16.10",
        "@esbuild/freebsd-x64": "0.16.10",
        "@esbuild/linux-arm": "0.16.10",
        "@esbuild/linux-arm64": "0.16.10",
        "@esbuild/linux-ia32": "0.16.10",
        "@esbuild/linux-loong64": "0.16.10",
        "@esbuild/linux-mips64el": "0.16.10",
        "@esbuild/linux-ppc64": "0.16.10",
        "@esbuild/linux-riscv64": "0.16.10",
        "@esbuild/linux-s390x": "0.16.10",
        "@esbuild/linux-x64": "0.16.10",
        "@esbuild/netbsd-x64": "0.16.10",
        "@esbuild/openbsd-x64": "0.16.10",
        "@esbuild/sunos-x64": "0.16.10",
        "@esbuild/win32-arm64": "0.16.10",
        "@esbuild/win32-ia32": "0.16.10",
        "@esbuild/win32-x64": "0.16.10"
      }
    },
    "function-bind": {
      "version": "1.1.1",
      "dev": true
    },
    "has": {
      "version": "1.0.3",
      "dev": true,
      "requires": {
        "function-bind": "^1.1.1"
      }
    },
    "is-core-module": {
      "version": "2.11.0",
      "dev": true,
      "requires": {
        "has": "^1.0.3"
      }
    },
    "nanoid": {
      "version": "3.3.4",
      "dev": true
    },
    "path-parse": {
      "version": "1.0.7",
      "dev": true
    },
    "picocolors": {
      "version": "1.0.0",
      "dev": true
    },
    "postcss": {
      "version": "8.4.20",
      "dev": true,
      "requires": {
        "nanoid": "^3.3.4",
        "picocolors": "^1.0.0",
        "source-map-js": "^1.0.2"
      }
    },
    "resolve": {
      "version": "1.22.1",
      "dev": true,
      "requires": {
        "is-core-module": "^2.9.0",
        "path-parse": "^1.0.7",
        "supports-preserve-symlinks-flag": "^1.0.0"
      }
    },
    "rollup": {
      "version": "3.8.1",
      "dev": true,
      "requires": {
        "fsevents": "~2.3.2"
      }
    },
    "source-map-js": {
      "version": "1.0.2",
      "dev": true
    },
    "supports-preserve-symlinks-flag": {
      "version": "1.0.0",
      "dev": true
    },
    "vite": {
      "version": "4.0.3",
      "dev": true,
      "requires": {
        "esbuild": "^0.16.3",
        "fsevents": "~2.3.2",
        "postcss": "^8.4.20",
        "resolve": "^1.22.1",
        "rollup": "^3.7.0"
      }
    }
  }
}
